// !$*UTF8*$!
{
	archiveVersion = 1;
	classes = {
	};
	objectVersion = 56;
	objects = {

/* Begin PBXBuildFile section */
		BCCADA8A2B9640B200B4F121 /* AppDelegate.swift in Sources */ = {isa = PBXBuildFile; fileRef = BCCADA892B9640B200B4F121 /* AppDelegate.swift */; };
		BCCADA8C2B9640B200B4F121 /* SceneDelegate.swift in Sources */ = {isa = PBXBuildFile; fileRef = BCCADA8B2B9640B200B4F121 /* SceneDelegate.swift */; };
		BCCADA912B9640B200B4F121 /* Main.storyboard in Resources */ = {isa = PBXBuildFile; fileRef = BCCADA8F2B9640B200B4F121 /* Main.storyboard */; };
		BCCADA932B9640B300B4F121 /* Assets.xcassets in Resources */ = {isa = PBXBuildFile; fileRef = BCCADA922B9640B300B4F121 /* Assets.xcassets */; };
		BCCADA962B9640B300B4F121 /* LaunchScreen.storyboard in Resources */ = {isa = PBXBuildFile; fileRef = BCCADA942B9640B300B4F121 /* LaunchScreen.storyboard */; };
		BCCADAA32B96418600B4F121 /* MainEndPoint.swift in Sources */ = {isa = PBXBuildFile; fileRef = BCCADAA22B96418600B4F121 /* MainEndPoint.swift */; };
		BCCADAA52B9641AD00B4F121 /* Endpointable.swift in Sources */ = {isa = PBXBuildFile; fileRef = BCCADAA42B9641AD00B4F121 /* Endpointable.swift */; };
		BCCADAA72B9641BD00B4F121 /* Networkable.swift in Sources */ = {isa = PBXBuildFile; fileRef = BCCADAA62B9641BD00B4F121 /* Networkable.swift */; };
		BCCADAA92B96420400B4F121 /* ListService.swift in Sources */ = {isa = PBXBuildFile; fileRef = BCCADAA82B96420400B4F121 /* ListService.swift */; };
		BCCADAB12B96439C00B4F121 /* MainViewModelProtocol.swift in Sources */ = {isa = PBXBuildFile; fileRef = BCCADAB02B96439C00B4F121 /* MainViewModelProtocol.swift */; };
		BCCADAB32B9643A200B4F121 /* MainViewModel.swift in Sources */ = {isa = PBXBuildFile; fileRef = BCCADAB22B9643A200B4F121 /* MainViewModel.swift */; };
		BCCADAB62B96448A00B4F121 /* MostPlayedSongResponse.swift in Sources */ = {isa = PBXBuildFile; fileRef = BCCADAB52B96448A00B4F121 /* MostPlayedSongResponse.swift */; };
		BCCADABD2B964A4B00B4F121 /* MainViewController.swift in Sources */ = {isa = PBXBuildFile; fileRef = BCCADABB2B964A4B00B4F121 /* MainViewController.swift */; };
		BCCADABE2B964A4B00B4F121 /* MainViewController.xib in Resources */ = {isa = PBXBuildFile; fileRef = BCCADABC2B964A4B00B4F121 /* MainViewController.xib */; };
		BCCADAC42B964D4800B4F121 /* ListServiceProtocols.swift in Sources */ = {isa = PBXBuildFile; fileRef = BCCADAC32B964D4800B4F121 /* ListServiceProtocols.swift */; };
/* End PBXBuildFile section */

/* Begin PBXFileReference section */
		BCCADA862B9640B200B4F121 /* ConcurrencyNetworkLayer.app */ = {isa = PBXFileReference; explicitFileType = wrapper.application; includeInIndex = 0; path = ConcurrencyNetworkLayer.app; sourceTree = BUILT_PRODUCTS_DIR; };
		BCCADA892B9640B200B4F121 /* AppDelegate.swift */ = {isa = PBXFileReference; lastKnownFileType = sourcecode.swift; path = AppDelegate.swift; sourceTree = "<group>"; };
		BCCADA8B2B9640B200B4F121 /* SceneDelegate.swift */ = {isa = PBXFileReference; lastKnownFileType = sourcecode.swift; path = SceneDelegate.swift; sourceTree = "<group>"; };
		BCCADA902B9640B200B4F121 /* Base */ = {isa = PBXFileReference; lastKnownFileType = file.storyboard; name = Base; path = Base.lproj/Main.storyboard; sourceTree = "<group>"; };
		BCCADA922B9640B300B4F121 /* Assets.xcassets */ = {isa = PBXFileReference; lastKnownFileType = folder.assetcatalog; path = Assets.xcassets; sourceTree = "<group>"; };
		BCCADA952B9640B300B4F121 /* Base */ = {isa = PBXFileReference; lastKnownFileType = file.storyboard; name = Base; path = Base.lproj/LaunchScreen.storyboard; sourceTree = "<group>"; };
		BCCADA972B9640B300B4F121 /* Info.plist */ = {isa = PBXFileReference; lastKnownFileType = text.plist.xml; path = Info.plist; sourceTree = "<group>"; };
		BCCADAA22B96418600B4F121 /* MainEndPoint.swift */ = {isa = PBXFileReference; lastKnownFileType = sourcecode.swift; path = MainEndPoint.swift; sourceTree = "<group>"; };
		BCCADAA42B9641AD00B4F121 /* Endpointable.swift */ = {isa = PBXFileReference; lastKnownFileType = sourcecode.swift; path = Endpointable.swift; sourceTree = "<group>"; };
		BCCADAA62B9641BD00B4F121 /* Networkable.swift */ = {isa = PBXFileReference; lastKnownFileType = sourcecode.swift; path = Networkable.swift; sourceTree = "<group>"; };
		BCCADAA82B96420400B4F121 /* ListService.swift */ = {isa = PBXFileReference; lastKnownFileType = sourcecode.swift; path = ListService.swift; sourceTree = "<group>"; };
		BCCADAB02B96439C00B4F121 /* MainViewModelProtocol.swift */ = {isa = PBXFileReference; lastKnownFileType = sourcecode.swift; path = MainViewModelProtocol.swift; sourceTree = "<group>"; };
		BCCADAB22B9643A200B4F121 /* MainViewModel.swift */ = {isa = PBXFileReference; lastKnownFileType = sourcecode.swift; path = MainViewModel.swift; sourceTree = "<group>"; };
		BCCADAB52B96448A00B4F121 /* MostPlayedSongResponse.swift */ = {isa = PBXFileReference; lastKnownFileType = sourcecode.swift; path = MostPlayedSongResponse.swift; sourceTree = "<group>"; };
		BCCADABB2B964A4B00B4F121 /* MainViewController.swift */ = {isa = PBXFileReference; lastKnownFileType = sourcecode.swift; path = MainViewController.swift; sourceTree = "<group>"; };
		BCCADABC2B964A4B00B4F121 /* MainViewController.xib */ = {isa = PBXFileReference; lastKnownFileType = file.xib; path = MainViewController.xib; sourceTree = "<group>"; };
		BCCADAC32B964D4800B4F121 /* ListServiceProtocols.swift */ = {isa = PBXFileReference; lastKnownFileType = sourcecode.swift; path = ListServiceProtocols.swift; sourceTree = "<group>"; };
/* End PBXFileReference section */

/* Begin PBXFrameworksBuildPhase section */
		BCCADA832B9640B200B4F121 /* Frameworks */ = {
			isa = PBXFrameworksBuildPhase;
			buildActionMask = 2147483647;
			files = (
			);
			runOnlyForDeploymentPostprocessing = 0;
		};
/* End PBXFrameworksBuildPhase section */

/* Begin PBXGroup section */
		BCCADA7D2B9640B200B4F121 = {
			isa = PBXGroup;
			children = (
				BCCADA882B9640B200B4F121 /* ConcurrencyNetworkLayer */,
				BCCADA872B9640B200B4F121 /* Products */,
			);
			sourceTree = "<group>";
		};
		BCCADA872B9640B200B4F121 /* Products */ = {
			isa = PBXGroup;
			children = (
				BCCADA862B9640B200B4F121 /* ConcurrencyNetworkLayer.app */,
			);
			name = Products;
			sourceTree = "<group>";
		};
		BCCADA882B9640B200B4F121 /* ConcurrencyNetworkLayer */ = {
			isa = PBXGroup;
			children = (
				BCCADABF2B964C0700B4F121 /* Modules */,
				BCCADA9D2B96414300B4F121 /* Network */,
				BCCADA892B9640B200B4F121 /* AppDelegate.swift */,
				BCCADA8B2B9640B200B4F121 /* SceneDelegate.swift */,
				BCCADA8F2B9640B200B4F121 /* Main.storyboard */,
				BCCADA922B9640B300B4F121 /* Assets.xcassets */,
				BCCADA942B9640B300B4F121 /* LaunchScreen.storyboard */,
				BCCADA972B9640B300B4F121 /* Info.plist */,
			);
			path = ConcurrencyNetworkLayer;
			sourceTree = "<group>";
		};
		BCCADA9D2B96414300B4F121 /* Network */ = {
			isa = PBXGroup;
			children = (
				BCCADAA02B96415B00B4F121 /* Endpoints */,
				BCCADA9E2B96414B00B4F121 /* Protocols */,
			);
			path = Network;
			sourceTree = "<group>";
		};
		BCCADA9E2B96414B00B4F121 /* Protocols */ = {
			isa = PBXGroup;
			children = (
				BCCADAA42B9641AD00B4F121 /* Endpointable.swift */,
				BCCADAA62B9641BD00B4F121 /* Networkable.swift */,
			);
			path = Protocols;
			sourceTree = "<group>";
		};
		BCCADAA02B96415B00B4F121 /* Endpoints */ = {
			isa = PBXGroup;
			children = (
				BCCADAA22B96418600B4F121 /* MainEndPoint.swift */,
			);
			path = Endpoints;
			sourceTree = "<group>";
		};
		BCCADAAF2B96438F00B4F121 /* ViewModel */ = {
			isa = PBXGroup;
			children = (
				BCCADAB02B96439C00B4F121 /* MainViewModelProtocol.swift */,
				BCCADAB22B9643A200B4F121 /* MainViewModel.swift */,
			);
			path = ViewModel;
			sourceTree = "<group>";
		};
		BCCADAB42B96446C00B4F121 /* Model */ = {
			isa = PBXGroup;
			children = (
				BCCADAB52B96448A00B4F121 /* MostPlayedSongResponse.swift */,
			);
			path = Model;
			sourceTree = "<group>";
		};
		BCCADAB82B9649FC00B4F121 /* View */ = {
			isa = PBXGroup;
			children = (
				BCCADABB2B964A4B00B4F121 /* MainViewController.swift */,
				BCCADABC2B964A4B00B4F121 /* MainViewController.xib */,
			);
			path = View;
			sourceTree = "<group>";
		};
		BCCADABF2B964C0700B4F121 /* Modules */ = {
			isa = PBXGroup;
			children = (
				BCCADAC02B964C0D00B4F121 /* Main */,
			);
			path = Modules;
			sourceTree = "<group>";
		};
		BCCADAC02B964C0D00B4F121 /* Main */ = {
			isa = PBXGroup;
			children = (
				BCCADAC12B964C1700B4F121 /* Repository */,
				BCCADAB82B9649FC00B4F121 /* View */,
				BCCADAAF2B96438F00B4F121 /* ViewModel */,
				BCCADAB42B96446C00B4F121 /* Model */,
			);
			path = Main;
			sourceTree = "<group>";
		};
		BCCADAC12B964C1700B4F121 /* Repository */ = {
			isa = PBXGroup;
			children = (
				BCCADAA82B96420400B4F121 /* ListService.swift */,
				BCCADAC32B964D4800B4F121 /* ListServiceProtocols.swift */,
			);
			path = Repository;
			sourceTree = "<group>";
		};
/* End PBXGroup section */

/* Begin PBXNativeTarget section */
		BCCADA852B9640B200B4F121 /* ConcurrencyNetworkLayer */ = {
			isa = PBXNativeTarget;
			buildConfigurationList = BCCADA9A2B9640B300B4F121 /* Build configuration list for PBXNativeTarget "ConcurrencyNetworkLayer" */;
			buildPhases = (
				BCCADA822B9640B200B4F121 /* Sources */,
				BCCADA832B9640B200B4F121 /* Frameworks */,
				BCCADA842B9640B200B4F121 /* Resources */,
			);
			buildRules = (
			);
			dependencies = (
			);
			name = ConcurrencyNetworkLayer;
			productName = ConcurrencyNetworkLayer;
			productReference = BCCADA862B9640B200B4F121 /* ConcurrencyNetworkLayer.app */;
			productType = "com.apple.product-type.application";
		};
/* End PBXNativeTarget section */

/* Begin PBXProject section */
		BCCADA7E2B9640B200B4F121 /* Project object */ = {
			isa = PBXProject;
			attributes = {
				BuildIndependentTargetsInParallel = 1;
				LastSwiftUpdateCheck = 1520;
				LastUpgradeCheck = 1520;
				TargetAttributes = {
					BCCADA852B9640B200B4F121 = {
						CreatedOnToolsVersion = 15.2;
					};
				};
			};
			buildConfigurationList = BCCADA812B9640B200B4F121 /* Build configuration list for PBXProject "ConcurrencyNetworkLayer" */;
			compatibilityVersion = "Xcode 14.0";
			developmentRegion = en;
			hasScannedForEncodings = 0;
			knownRegions = (
				en,
				Base,
			);
			mainGroup = BCCADA7D2B9640B200B4F121;
			productRefGroup = BCCADA872B9640B200B4F121 /* Products */;
			projectDirPath = "";
			projectRoot = "";
			targets = (
				BCCADA852B9640B200B4F121 /* ConcurrencyNetworkLayer */,
			);
		};
/* End PBXProject section */

/* Begin PBXResourcesBuildPhase section */
		BCCADA842B9640B200B4F121 /* Resources */ = {
			isa = PBXResourcesBuildPhase;
			buildActionMask = 2147483647;
			files = (
				BCCADA962B9640B300B4F121 /* LaunchScreen.storyboard in Resources */,
				BCCADA932B9640B300B4F121 /* Assets.xcassets in Resources */,
				BCCADA912B9640B200B4F121 /* Main.storyboard in Resources */,
				BCCADABE2B964A4B00B4F121 /* MainViewController.xib in Resources */,
			);
			runOnlyForDeploymentPostprocessing = 0;
		};
/* End PBXResourcesBuildPhase section */

/* Begin PBXSourcesBuildPhase section */
		BCCADA822B9640B200B4F121 /* Sources */ = {
			isa = PBXSourcesBuildPhase;
			buildActionMask = 2147483647;
			files = (
				BCCADAA52B9641AD00B4F121 /* Endpointable.swift in Sources */,
				BCCADAB12B96439C00B4F121 /* MainViewModelProtocol.swift in Sources */,
				BCCADA8A2B9640B200B4F121 /* AppDelegate.swift in Sources */,
				BCCADA8C2B9640B200B4F121 /* SceneDelegate.swift in Sources */,
				BCCADAC42B964D4800B4F121 /* ListServiceProtocols.swift in Sources */,
				BCCADAA72B9641BD00B4F121 /* Networkable.swift in Sources */,
				BCCADAA92B96420400B4F121 /* ListService.swift in Sources */,
				BCCADAA32B96418600B4F121 /* MainEndPoint.swift in Sources */,
				BCCADAB32B9643A200B4F121 /* MainViewModel.swift in Sources */,
				BCCADAB62B96448A00B4F121 /* MostPlayedSongResponse.swift in Sources */,
				BCCADABD2B964A4B00B4F121 /* MainViewController.swift in Sources */,
			);
			runOnlyForDeploymentPostprocessing = 0;
		};
/* End PBXSourcesBuildPhase section */

/* Begin PBXVariantGroup section */
		BCCADA8F2B9640B200B4F121 /* Main.storyboard */ = {
			isa = PBXVariantGroup;
			children = (
				BCCADA902B9640B200B4F121 /* Base */,
			);
			name = Main.storyboard;
			sourceTree = "<group>";
		};
		BCCADA942B9640B300B4F121 /* LaunchScreen.storyboard */ = {
			isa = PBXVariantGroup;
			children = (
				BCCADA952B9640B300B4F121 /* Base */,
			);
			name = LaunchScreen.storyboard;
			sourceTree = "<group>";
		};
/* End PBXVariantGroup section */

/* Begin XCBuildConfiguration section */
		BCCADA982B9640B300B4F121 /* Debug */ = {
			isa = XCBuildConfiguration;
			buildSettings = {
				ALWAYS_SEARCH_USER_PATHS = NO;
				ASSETCATALOG_COMPILER_GENERATE_SWIFT_ASSET_SYMBOL_EXTENSIONS = YES;
				CLANG_ANALYZER_NONNULL = YES;
				CLANG_ANALYZER_NUMBER_OBJECT_CONVERSION = YES_AGGRESSIVE;
				CLANG_CXX_LANGUAGE_STANDARD = "gnu++20";
				CLANG_ENABLE_MODULES = YES;
				CLANG_ENABLE_OBJC_ARC = YES;
				CLANG_ENABLE_OBJC_WEAK = YES;
				CLANG_WARN_BLOCK_CAPTURE_AUTORELEASING = YES;
				CLANG_WARN_BOOL_CONVERSION = YES;
				CLANG_WARN_COMMA = YES;
				CLANG_WARN_CONSTANT_CONVERSION = YES;
				CLANG_WARN_DEPRECATED_OBJC_IMPLEMENTATIONS = YES;
				CLANG_WARN_DIRECT_OBJC_ISA_USAGE = YES_ERROR;
				CLANG_WARN_DOCUMENTATION_COMMENTS = YES;
				CLANG_WARN_EMPTY_BODY = YES;
				CLANG_WARN_ENUM_CONVERSION = YES;
				CLANG_WARN_INFINITE_RECURSION = YES;
				CLANG_WARN_INT_CONVERSION = YES;
				CLANG_WARN_NON_LITERAL_NULL_CONVERSION = YES;
				CLANG_WARN_OBJC_IMPLICIT_RETAIN_SELF = YES;
				CLANG_WARN_OBJC_LITERAL_CONVERSION = YES;
				CLANG_WARN_OBJC_ROOT_CLASS = YES_ERROR;
				CLANG_WARN_QUOTED_INCLUDE_IN_FRAMEWORK_HEADER = YES;
				CLANG_WARN_RANGE_LOOP_ANALYSIS = YES;
				CLANG_WARN_STRICT_PROTOTYPES = YES;
				CLANG_WARN_SUSPICIOUS_MOVE = YES;
				CLANG_WARN_UNGUARDED_AVAILABILITY = YES_AGGRESSIVE;
				CLANG_WARN_UNREACHABLE_CODE = YES;
				CLANG_WARN__DUPLICATE_METHOD_MATCH = YES;
				COPY_PHASE_STRIP = NO;
				DEBUG_INFORMATION_FORMAT = dwarf;
				ENABLE_STRICT_OBJC_MSGSEND = YES;
				ENABLE_TESTABILITY = YES;
				ENABLE_USER_SCRIPT_SANDBOXING = YES;
				GCC_C_LANGUAGE_STANDARD = gnu17;
				GCC_DYNAMIC_NO_PIC = NO;
				GCC_NO_COMMON_BLOCKS = YES;
				GCC_OPTIMIZATION_LEVEL = 0;
				GCC_PREPROCESSOR_DEFINITIONS = (
					"DEBUG=1",
					"$(inherited)",
				);
				GCC_WARN_64_TO_32_BIT_CONVERSION = YES;
				GCC_WARN_ABOUT_RETURN_TYPE = YES_ERROR;
				GCC_WARN_UNDECLARED_SELECTOR = YES;
				GCC_WARN_UNINITIALIZED_AUTOS = YES_AGGRESSIVE;
				GCC_WARN_UNUSED_FUNCTION = YES;
				GCC_WARN_UNUSED_VARIABLE = YES;
				IPHONEOS_DEPLOYMENT_TARGET = 17.2;
				LOCALIZATION_PREFERS_STRING_CATALOGS = YES;
				MTL_ENABLE_DEBUG_INFO = INCLUDE_SOURCE;
				MTL_FAST_MATH = YES;
				ONLY_ACTIVE_ARCH = YES;
				SDKROOT = iphoneos;
				SWIFT_ACTIVE_COMPILATION_CONDITIONS = "DEBUG $(inherited)";
				SWIFT_OPTIMIZATION_LEVEL = "-Onone";
			};
			name = Debug;
		};
		BCCADA992B9640B300B4F121 /* Release */ = {
			isa = XCBuildConfiguration;
			buildSettings = {
				ALWAYS_SEARCH_USER_PATHS = NO;
				ASSETCATALOG_COMPILER_GENERATE_SWIFT_ASSET_SYMBOL_EXTENSIONS = YES;
				CLANG_ANALYZER_NONNULL = YES;
				CLANG_ANALYZER_NUMBER_OBJECT_CONVERSION = YES_AGGRESSIVE;
				CLANG_CXX_LANGUAGE_STANDARD = "gnu++20";
				CLANG_ENABLE_MODULES = YES;
				CLANG_ENABLE_OBJC_ARC = YES;
				CLANG_ENABLE_OBJC_WEAK = YES;
				CLANG_WARN_BLOCK_CAPTURE_AUTORELEASING = YES;
				CLANG_WARN_BOOL_CONVERSION = YES;
				CLANG_WARN_COMMA = YES;
				CLANG_WARN_CONSTANT_CONVERSION = YES;
				CLANG_WARN_DEPRECATED_OBJC_IMPLEMENTATIONS = YES;
				CLANG_WARN_DIRECT_OBJC_ISA_USAGE = YES_ERROR;
				CLANG_WARN_DOCUMENTATION_COMMENTS = YES;
				CLANG_WARN_EMPTY_BODY = YES;
				CLANG_WARN_ENUM_CONVERSION = YES;
				CLANG_WARN_INFINITE_RECURSION = YES;
				CLANG_WARN_INT_CONVERSION = YES;
				CLANG_WARN_NON_LITERAL_NULL_CONVERSION = YES;
				CLANG_WARN_OBJC_IMPLICIT_RETAIN_SELF = YES;
				CLANG_WARN_OBJC_LITERAL_CONVERSION = YES;
				CLANG_WARN_OBJC_ROOT_CLASS = YES_ERROR;
				CLANG_WARN_QUOTED_INCLUDE_IN_FRAMEWORK_HEADER = YES;
				CLANG_WARN_RANGE_LOOP_ANALYSIS = YES;
				CLANG_WARN_STRICT_PROTOTYPES = YES;
				CLANG_WARN_SUSPICIOUS_MOVE = YES;
				CLANG_WARN_UNGUARDED_AVAILABILITY = YES_AGGRESSIVE;
				CLANG_WARN_UNREACHABLE_CODE = YES;
				CLANG_WARN__DUPLICATE_METHOD_MATCH = YES;
				COPY_PHASE_STRIP = NO;
				DEBUG_INFORMATION_FORMAT = "dwarf-with-dsym";
				ENABLE_NS_ASSERTIONS = NO;
				ENABLE_STRICT_OBJC_MSGSEND = YES;
				ENABLE_USER_SCRIPT_SANDBOXING = YES;
				GCC_C_LANGUAGE_STANDARD = gnu17;
				GCC_NO_COMMON_BLOCKS = YES;
				GCC_WARN_64_TO_32_BIT_CONVERSION = YES;
				GCC_WARN_ABOUT_RETURN_TYPE = YES_ERROR;
				GCC_WARN_UNDECLARED_SELECTOR = YES;
				GCC_WARN_UNINITIALIZED_AUTOS = YES_AGGRESSIVE;
				GCC_WARN_UNUSED_FUNCTION = YES;
				GCC_WARN_UNUSED_VARIABLE = YES;
				IPHONEOS_DEPLOYMENT_TARGET = 17.2;
				LOCALIZATION_PREFERS_STRING_CATALOGS = YES;
				MTL_ENABLE_DEBUG_INFO = NO;
				MTL_FAST_MATH = YES;
				SDKROOT = iphoneos;
				SWIFT_COMPILATION_MODE = wholemodule;
				VALIDATE_PRODUCT = YES;
			};
			name = Release;
		};
		BCCADA9B2B9640B300B4F121 /* Debug */ = {
			isa = XCBuildConfiguration;
			buildSettings = {
				ASSETCATALOG_COMPILER_APPICON_NAME = AppIcon;
				ASSETCATALOG_COMPILER_GLOBAL_ACCENT_COLOR_NAME = AccentColor;
				CODE_SIGN_STYLE = Automatic;
				CURRENT_PROJECT_VERSION = 1;
				DEVELOPMENT_TEAM = QHYXVGKS7V;
				GENERATE_INFOPLIST_FILE = YES;
				INFOPLIST_FILE = ConcurrencyNetworkLayer/Info.plist;
				INFOPLIST_KEY_UIApplicationSupportsIndirectInputEvents = YES;
				INFOPLIST_KEY_UILaunchStoryboardName = LaunchScreen;
				INFOPLIST_KEY_UIMainStoryboardFile = Main;
				INFOPLIST_KEY_UISupportedInterfaceOrientations_iPad = "UIInterfaceOrientationPortrait UIInterfaceOrientationPortraitUpsideDown UIInterfaceOrientationLandscapeLeft UIInterfaceOrientationLandscapeRight";
				INFOPLIST_KEY_UISupportedInterfaceOrientations_iPhone = "UIInterfaceOrientationPortrait UIInterfaceOrientationLandscapeLeft UIInterfaceOrientationLandscapeRight";
				LD_RUNPATH_SEARCH_PATHS = (
					"$(inherited)",
					"@executable_path/Frameworks",
				);
				MARKETING_VERSION = 1.0;
				PRODUCT_BUNDLE_IDENTIFIER = cenkbahadircark.ConcurrencyNetworkLayer;
				PRODUCT_NAME = "$(TARGET_NAME)";
				SWIFT_EMIT_LOC_STRINGS = YES;
				SWIFT_VERSION = 5.0;
				TARGETED_DEVICE_FAMILY = "1,2";
			};
			name = Debug;
		};
		BCCADA9C2B9640B300B4F121 /* Release */ = {
			isa = XCBuildConfiguration;
			buildSettings = {
				ASSETCATALOG_COMPILER_APPICON_NAME = AppIcon;
				ASSETCATALOG_COMPILER_GLOBAL_ACCENT_COLOR_NAME = AccentColor;
				CODE_SIGN_STYLE = Automatic;
				CURRENT_PROJECT_VERSION = 1;
				DEVELOPMENT_TEAM = QHYXVGKS7V;
				GENERATE_INFOPLIST_FILE = YES;
				INFOPLIST_FILE = ConcurrencyNetworkLayer/Info.plist;
				INFOPLIST_KEY_UIApplicationSupportsIndirectInputEvents = YES;
				INFOPLIST_KEY_UILaunchStoryboardName = LaunchScreen;
				INFOPLIST_KEY_UIMainStoryboardFile = Main;
				INFOPLIST_KEY_UISupportedInterfaceOrientations_iPad = "UIInterfaceOrientationPortrait UIInterfaceOrientationPortraitUpsideDown UIInterfaceOrientationLandscapeLeft UIInterfaceOrientationLandscapeRight";
				INFOPLIST_KEY_UISupportedInterfaceOrientations_iPhone = "UIInterfaceOrientationPortrait UIInterfaceOrientationLandscapeLeft UIInterfaceOrientationLandscapeRight";
				LD_RUNPATH_SEARCH_PATHS = (
					"$(inherited)",
					"@executable_path/Frameworks",
				);
				MARKETING_VERSION = 1.0;
				PRODUCT_BUNDLE_IDENTIFIER = cenkbahadircark.ConcurrencyNetworkLayer;
				PRODUCT_NAME = "$(TARGET_NAME)";
				SWIFT_EMIT_LOC_STRINGS = YES;
				SWIFT_VERSION = 5.0;
				TARGETED_DEVICE_FAMILY = "1,2";
			};
			name = Release;
		};
/* End XCBuildConfiguration section */

/* Begin XCConfigurationList section */
		BCCADA812B9640B200B4F121 /* Build configuration list for PBXProject "ConcurrencyNetworkLayer" */ = {
			isa = XCConfigurationList;
			buildConfigurations = (
				BCCADA982B9640B300B4F121 /* Debug */,
				BCCADA992B9640B300B4F121 /* Release */,
			);
			defaultConfigurationIsVisible = 0;
			defaultConfigurationName = Release;
		};
		BCCADA9A2B9640B300B4F121 /* Build configuration list for PBXNativeTarget "ConcurrencyNetworkLayer" */ = {
			isa = XCConfigurationList;
			buildConfigurations = (
				BCCADA9B2B9640B300B4F121 /* Debug */,
				BCCADA9C2B9640B300B4F121 /* Release */,
			);
			defaultConfigurationIsVisible = 0;
			defaultConfigurationName = Release;
		};
/* End XCConfigurationList section */
	};
	rootObject = BCCADA7E2B9640B200B4F121 /* Project object */;
}
